Microsoft Visual Studio Solution File, Format Version 11.00
# Visual Studio 2008

Project("{A78EFDBD-D1AA-C6F5-6B65-E945A8A91B31}") = "cubeWalk", "Assembly-CSharp.csproj", "{32322D74-2956-2AEC-90F1-2AF93739660C}"
EndProject
Project("{A78EFDBD-D1AA-C6F5-6B65-E945A8A91B31}") = "cubeWalk", "Assembly-CSharp-Editor.csproj", "{227B1E7A-DB8B-FAD0-7933-AD84328A5316}"
EndProject
Global
	GlobalSection(SolutionConfigurationPlatforms) = preSolution
		Debug|Any CPU = Debug|Any CPU
		Release|Any CPU = Release|Any CPU
	EndGlobalSection
	GlobalSection(ProjectConfigurationPlatforms) = postSolution
		{32322D74-2956-2AEC-90F1-2AF93739660C}.Debug|Any CPU.ActiveCfg = Debug|Any CPU
		{32322D74-2956-2AEC-90F1-2AF93739660C}.Debug|Any CPU.Build.0 = Debug|Any CPU
		{32322D74-2956-2AEC-90F1-2AF93739660C}.Release|Any CPU.ActiveCfg = Release|Any CPU
		{32322D74-2956-2AEC-90F1-2AF93739660C}.Release|Any CPU.Build.0 = Release|Any CPU
		{227B1E7A-DB8B-FAD0-7933-AD84328A5316}.Debug|Any CPU.ActiveCfg = Debug|Any CPU
		{227B1E7A-DB8B-FAD0-7933-AD84328A5316}.Debug|Any CPU.Build.0 = Debug|Any CPU
		{227B1E7A-DB8B-FAD0-7933-AD84328A5316}.Release|Any CPU.ActiveCfg = Release|Any CPU
		{227B1E7A-DB8B-FAD0-7933-AD84328A5316}.Release|Any CPU.Build.0 = Release|Any CPU
	EndGlobalSection
	GlobalSection(SolutionProperties) = preSolution
		HideSolutionNode = FALSE
	EndGlobalSection
	GlobalSection(MonoDevelopProperties) = preSolution
		StartupItem = Assembly-CSharp.csproj
	EndGlobalSection
EndGlobal
