Microsoft Visual Studio Solution File, Format Version 11.00
# Visual Studio 2008

Project("{73A5DE0C-DC9B-22DB-2A9A-C63F396ED1D9}") = "hexwalk__", "Assembly-CSharp.csproj", "{9BA87874-83A0-3F7E-CAB2-153B9F5F9716}"
EndProject
Project("{73A5DE0C-DC9B-22DB-2A9A-C63F396ED1D9}") = "hexwalk__", "Assembly-CSharp-Editor.csproj", "{99447A7F-BDF4-F484-B93C-682A29C39CDF}"
EndProject
Global
	GlobalSection(SolutionConfigurationPlatforms) = preSolution
		Debug|Any CPU = Debug|Any CPU
		Release|Any CPU = Release|Any CPU
	EndGlobalSection
	GlobalSection(ProjectConfigurationPlatforms) = postSolution
		{9BA87874-83A0-3F7E-CAB2-153B9F5F9716}.Debug|Any CPU.ActiveCfg = Debug|Any CPU
		{9BA87874-83A0-3F7E-CAB2-153B9F5F9716}.Debug|Any CPU.Build.0 = Debug|Any CPU
		{9BA87874-83A0-3F7E-CAB2-153B9F5F9716}.Release|Any CPU.ActiveCfg = Release|Any CPU
		{9BA87874-83A0-3F7E-CAB2-153B9F5F9716}.Release|Any CPU.Build.0 = Release|Any CPU
		{99447A7F-BDF4-F484-B93C-682A29C39CDF}.Debug|Any CPU.ActiveCfg = Debug|Any CPU
		{99447A7F-BDF4-F484-B93C-682A29C39CDF}.Debug|Any CPU.Build.0 = Debug|Any CPU
		{99447A7F-BDF4-F484-B93C-682A29C39CDF}.Release|Any CPU.ActiveCfg = Release|Any CPU
		{99447A7F-BDF4-F484-B93C-682A29C39CDF}.Release|Any CPU.Build.0 = Release|Any CPU
	EndGlobalSection
	GlobalSection(SolutionProperties) = preSolution
		HideSolutionNode = FALSE
	EndGlobalSection
	GlobalSection(MonoDevelopProperties) = preSolution
		StartupItem = Assembly-CSharp.csproj
	EndGlobalSection
EndGlobal
