
Microsoft Visual Studio Solution File, Format Version 11.00
# Visual Studio 2010
Project("{01AFF7FB-AA2A-A871-E071-539D9728255B}") = "Assembly-CSharp", "Assembly-CSharp.csproj", "{6CF1A2D0-B507-0FB8-1F88-6F5F98AC256B}"
EndProject
Project("{FAE04EC0-301F-11D3-BF4B-00C04F79EFBC}") = "Assembly-CSharp-Editor", "Assembly-CSharp-Editor.csproj", "{314BFFA8-8753-44A9-8D85-650281003414}"
EndProject
Global
	GlobalSection(SolutionConfigurationPlatforms) = preSolution
		Debug|Any CPU = Debug|Any CPU
		Release|Any CPU = Release|Any CPU
	EndGlobalSection
	GlobalSection(ProjectConfigurationPlatforms) = postSolution
		{314BFFA8-8753-44A9-8D85-650281003414}.Debug|Any CPU.ActiveCfg = Debug|Any CPU
		{314BFFA8-8753-44A9-8D85-650281003414}.Debug|Any CPU.Build.0 = Debug|Any CPU
		{314BFFA8-8753-44A9-8D85-650281003414}.Release|Any CPU.ActiveCfg = Release|Any CPU
		{314BFFA8-8753-44A9-8D85-650281003414}.Release|Any CPU.Build.0 = Release|Any CPU
		{6CF1A2D0-B507-0FB8-1F88-6F5F98AC256B}.Debug|Any CPU.ActiveCfg = Debug|Any CPU
		{6CF1A2D0-B507-0FB8-1F88-6F5F98AC256B}.Debug|Any CPU.Build.0 = Debug|Any CPU
		{6CF1A2D0-B507-0FB8-1F88-6F5F98AC256B}.Release|Any CPU.ActiveCfg = Release|Any CPU
		{6CF1A2D0-B507-0FB8-1F88-6F5F98AC256B}.Release|Any CPU.Build.0 = Release|Any CPU
	EndGlobalSection
	GlobalSection(SolutionProperties) = preSolution
		HideSolutionNode = FALSE
	EndGlobalSection
EndGlobal
